
Microsoft Visual Studio Solution File, Format Version 12.00
# Visual Studio Version 17
VisualStudioVersion = 17.8.34330.188
MinimumVisualStudioVersion = 10.0.40219.1
Project("{9A19103F-16F7-4668-BE54-9A1E7A4F7556}") = "IISDockerDemo", "IISDockerDemo\IISDockerDemo.csproj", "{9C26B832-373E-4A92-AFAE-1A345C8F1C70}"
EndProject
Project("{E53339B2-1760-4266-BCC7-CA923CBCF16C}") = "docker-compose", "docker-compose.dcproj", "{DDE42EC1-A835-49A0-89FE-BF39A6053941}"
EndProject
Global
	GlobalSection(SolutionConfigurationPlatforms) = preSolution
		Debug|Any CPU = Debug|Any CPU
		Release|Any CPU = Release|Any CPU
	EndGlobalSection
	GlobalSection(ProjectConfigurationPlatforms) = postSolution
		{9C26B832-373E-4A92-AFAE-1A345C8F1C70}.Debug|Any CPU.ActiveCfg = Debug|Any CPU
		{9C26B832-373E-4A92-AFAE-1A345C8F1C70}.Debug|Any CPU.Build.0 = Debug|Any CPU
		{9C26B832-373E-4A92-AFAE-1A345C8F1C70}.Release|Any CPU.ActiveCfg = Release|Any CPU
		{9C26B832-373E-4A92-AFAE-1A345C8F1C70}.Release|Any CPU.Build.0 = Release|Any CPU
		{DDE42EC1-A835-49A0-89FE-BF39A6053941}.Debug|Any CPU.ActiveCfg = Debug|Any CPU
		{DDE42EC1-A835-49A0-89FE-BF39A6053941}.Debug|Any CPU.Build.0 = Debug|Any CPU
		{DDE42EC1-A835-49A0-89FE-BF39A6053941}.Release|Any CPU.ActiveCfg = Release|Any CPU
		{DDE42EC1-A835-49A0-89FE-BF39A6053941}.Release|Any CPU.Build.0 = Release|Any CPU
	EndGlobalSection
	GlobalSection(SolutionProperties) = preSolution
		HideSolutionNode = FALSE
	EndGlobalSection
	GlobalSection(ExtensibilityGlobals) = postSolution
		SolutionGuid = {C33EB04C-7FEF-4A75-85C7-E74BD01A54D7}
	EndGlobalSection
EndGlobal
